{
  "name": "maplestory-skills",
  "version": "1.6.0",
  "lockfileVersion": 1,
  "requires": true,
  "dependencies": {
    "@stencil/core": {
      "version": "1.0.0-alpha.4",
      "resolved": "https://registry.npmjs.org/@stencil/core/-/core-1.0.0-alpha.4.tgz",
      "integrity": "sha512-OiLe61M4yXB4EbOwQkzA/7WA2eSmGEnV6r5muke/uqDarOntBKGTl47SDeZFZMDijD3VU8x4CAi1NPN2rWLxrg==",
      "dev": true,
      "requires": {
        "typescript": "3.3.3"
      }
    },
    "typescript": {
      "version": "3.3.3",
      "resolved": "https://registry.npmjs.org/typescript/-/typescript-3.3.3.tgz",
      "integrity": "sha512-Y21Xqe54TBVp+VDSNbuDYdGw0BpoR/Q6wo/+35M8PAU0vipahnyduJWirxxdxjsAkS7hue53x2zp8gz7F05u0A==",
      "dev": true
    }
  }
}
